
Microsoft Visual Studio Solution File, Format Version 12.00
# Visual Studio Version 16
VisualStudioVersion = 16.0.29409.12
MinimumVisualStudioVersion = 10.0.40219.1
Project("{FAE04EC0-301F-11D3-BF4B-00C04F79EFBC}") = "HWiNFODumper", "HWiNFODumper.csproj", "{0D37CFD1-D5C4-4BAC-8C91-96A0BECE042F}"
EndProject
Global
	GlobalSection(SolutionConfigurationPlatforms) = preSolution
		Debug|Any CPU = Debug|Any CPU
		Release|Any CPU = Release|Any CPU
	EndGlobalSection
	GlobalSection(ProjectConfigurationPlatforms) = postSolution
		{0D37CFD1-D5C4-4BAC-8C91-96A0BECE042F}.Debug|Any CPU.ActiveCfg = Debug|Any CPU
		{0D37CFD1-D5C4-4BAC-8C91-96A0BECE042F}.Debug|Any CPU.Build.0 = Debug|Any CPU
		{0D37CFD1-D5C4-4BAC-8C91-96A0BECE042F}.Release|Any CPU.ActiveCfg = Release|Any CPU
		{0D37CFD1-D5C4-4BAC-8C91-96A0BECE042F}.Release|Any CPU.Build.0 = Release|Any CPU
	EndGlobalSection
	GlobalSection(SolutionProperties) = preSolution
		HideSolutionNode = FALSE
	EndGlobalSection
	GlobalSection(ExtensibilityGlobals) = postSolution
		SolutionGuid = {39192E31-E123-48A9-9CBC-957E8A156C65}
	EndGlobalSection
EndGlobal
